
Microsoft Visual Studio Solution File, Format Version 12.00
# Visual Studio Version 17
VisualStudioVersion = 17.10.35013.160
MinimumVisualStudioVersion = 10.0.40219.1
Project("{FAE04EC0-301F-11D3-BF4B-00C04F79EFBC}") = "capaAdministrador", "capaAdministrador\capaAdministrador.csproj", "{A633FD11-B9C6-43EF-B27A-159975BA0D79}"
	ProjectSection(ProjectDependencies) = postProject
		{106CA954-CED1-4C14-A4F8-D683648A4469} = {106CA954-CED1-4C14-A4F8-D683648A4469}
		{D5DA652C-5806-45B4-8DFB-90AC4F7C891C} = {D5DA652C-5806-45B4-8DFB-90AC4F7C891C}
		{F822E2CA-60E6-4D72-8FC3-B8FAD6416094} = {F822E2CA-60E6-4D72-8FC3-B8FAD6416094}
	EndProjectSection
EndProject
Project("{9A19103F-16F7-4668-BE54-9A1E7A4F7556}") = "capaEntidad", "capaEntidad\capaEntidad.csproj", "{F822E2CA-60E6-4D72-8FC3-B8FAD6416094}"
EndProject
Project("{9A19103F-16F7-4668-BE54-9A1E7A4F7556}") = "capaNegocio", "capaNegocio\capaNegocio.csproj", "{D5DA652C-5806-45B4-8DFB-90AC4F7C891C}"
EndProject
Project("{9A19103F-16F7-4668-BE54-9A1E7A4F7556}") = "capaDatos", "capaDatos\capaDatos.csproj", "{106CA954-CED1-4C14-A4F8-D683648A4469}"
EndProject
Global
	GlobalSection(SolutionConfigurationPlatforms) = preSolution
		Debug|Any CPU = Debug|Any CPU
		Release|Any CPU = Release|Any CPU
	EndGlobalSection
	GlobalSection(ProjectConfigurationPlatforms) = postSolution
		{A633FD11-B9C6-43EF-B27A-159975BA0D79}.Debug|Any CPU.ActiveCfg = Debug|Any CPU
		{A633FD11-B9C6-43EF-B27A-159975BA0D79}.Debug|Any CPU.Build.0 = Debug|Any CPU
		{A633FD11-B9C6-43EF-B27A-159975BA0D79}.Release|Any CPU.ActiveCfg = Release|Any CPU
		{A633FD11-B9C6-43EF-B27A-159975BA0D79}.Release|Any CPU.Build.0 = Release|Any CPU
		{F822E2CA-60E6-4D72-8FC3-B8FAD6416094}.Debug|Any CPU.ActiveCfg = Debug|Any CPU
		{F822E2CA-60E6-4D72-8FC3-B8FAD6416094}.Debug|Any CPU.Build.0 = Debug|Any CPU
		{F822E2CA-60E6-4D72-8FC3-B8FAD6416094}.Release|Any CPU.ActiveCfg = Release|Any CPU
		{F822E2CA-60E6-4D72-8FC3-B8FAD6416094}.Release|Any CPU.Build.0 = Release|Any CPU
		{D5DA652C-5806-45B4-8DFB-90AC4F7C891C}.Debug|Any CPU.ActiveCfg = Debug|Any CPU
		{D5DA652C-5806-45B4-8DFB-90AC4F7C891C}.Debug|Any CPU.Build.0 = Debug|Any CPU
		{D5DA652C-5806-45B4-8DFB-90AC4F7C891C}.Release|Any CPU.ActiveCfg = Release|Any CPU
		{D5DA652C-5806-45B4-8DFB-90AC4F7C891C}.Release|Any CPU.Build.0 = Release|Any CPU
		{106CA954-CED1-4C14-A4F8-D683648A4469}.Debug|Any CPU.ActiveCfg = Debug|Any CPU
		{106CA954-CED1-4C14-A4F8-D683648A4469}.Debug|Any CPU.Build.0 = Debug|Any CPU
		{106CA954-CED1-4C14-A4F8-D683648A4469}.Release|Any CPU.ActiveCfg = Release|Any CPU
		{106CA954-CED1-4C14-A4F8-D683648A4469}.Release|Any CPU.Build.0 = Release|Any CPU
	EndGlobalSection
	GlobalSection(SolutionProperties) = preSolution
		HideSolutionNode = FALSE
	EndGlobalSection
	GlobalSection(ExtensibilityGlobals) = postSolution
		SolutionGuid = {937F281D-66F3-4706-8669-D695621397DD}
	EndGlobalSection
EndGlobal
